
Microsoft Visual Studio Solution File, Format Version 12.00
# Visual Studio Version 17
VisualStudioVersion = 17.8.34309.116
MinimumVisualStudioVersion = 10.0.40219.1
Project("{9A19103F-16F7-4668-BE54-9A1E7A4F7556}") = "ApiAuth.WebApi", "ApiAuth.WebApi\ApiAuth.WebApi.csproj", "{70E40AAC-E3FF-4C24-9934-28D2661C8310}"
EndProject
Project("{9A19103F-16F7-4668-BE54-9A1E7A4F7556}") = "ApiAuth.WebApp", "ApiAuth.WebApp\ApiAuth.WebApp.csproj", "{53DAB3F1-2216-4317-B525-A7D9430793B6}"
EndProject
Project("{2150E333-8FDC-42A3-9474-1A3956D46DE8}") = "Solution Items", "Solution Items", "{1DB7140A-E2D0-47FC-90F4-AED0381A8332}"
	ProjectSection(SolutionItems) = preProject
		LICENSE.txt = LICENSE.txt
		nuget.config = nuget.config
	EndProjectSection
EndProject
Global
	GlobalSection(SolutionConfigurationPlatforms) = preSolution
		Debug|Any CPU = Debug|Any CPU
		Release|Any CPU = Release|Any CPU
	EndGlobalSection
	GlobalSection(ProjectConfigurationPlatforms) = postSolution
		{70E40AAC-E3FF-4C24-9934-28D2661C8310}.Debug|Any CPU.ActiveCfg = Debug|Any CPU
		{70E40AAC-E3FF-4C24-9934-28D2661C8310}.Debug|Any CPU.Build.0 = Debug|Any CPU
		{70E40AAC-E3FF-4C24-9934-28D2661C8310}.Release|Any CPU.ActiveCfg = Release|Any CPU
		{70E40AAC-E3FF-4C24-9934-28D2661C8310}.Release|Any CPU.Build.0 = Release|Any CPU
		{53DAB3F1-2216-4317-B525-A7D9430793B6}.Debug|Any CPU.ActiveCfg = Debug|Any CPU
		{53DAB3F1-2216-4317-B525-A7D9430793B6}.Debug|Any CPU.Build.0 = Debug|Any CPU
		{53DAB3F1-2216-4317-B525-A7D9430793B6}.Release|Any CPU.ActiveCfg = Release|Any CPU
		{53DAB3F1-2216-4317-B525-A7D9430793B6}.Release|Any CPU.Build.0 = Release|Any CPU
	EndGlobalSection
	GlobalSection(SolutionProperties) = preSolution
		HideSolutionNode = FALSE
	EndGlobalSection
	GlobalSection(ExtensibilityGlobals) = postSolution
		SolutionGuid = {C0727C07-236C-4B02-B602-EB474FABCC05}
	EndGlobalSection
EndGlobal
