
Microsoft Visual Studio Solution File, Format Version 12.00
# Visual Studio Version 17
VisualStudioVersion = 17.8.34309.116
MinimumVisualStudioVersion = 10.0.40219.1
Project("{FAE04EC0-301F-11D3-BF4B-00C04F79EFBC}") = "ApiAuth.WebApi", "ApiAuth.WebApi\ApiAuth.WebApi.csproj", "{70E40AAC-E3FF-4C24-9934-28D2661C8310}"
EndProject
Global
	GlobalSection(SolutionConfigurationPlatforms) = preSolution
		Debug|Any CPU = Debug|Any CPU
		Release|Any CPU = Release|Any CPU
	EndGlobalSection
	GlobalSection(ProjectConfigurationPlatforms) = postSolution
		{70E40AAC-E3FF-4C24-9934-28D2661C8310}.Debug|Any CPU.ActiveCfg = Debug|Any CPU
		{70E40AAC-E3FF-4C24-9934-28D2661C8310}.Debug|Any CPU.Build.0 = Debug|Any CPU
		{70E40AAC-E3FF-4C24-9934-28D2661C8310}.Release|Any CPU.ActiveCfg = Release|Any CPU
		{70E40AAC-E3FF-4C24-9934-28D2661C8310}.Release|Any CPU.Build.0 = Release|Any CPU
	EndGlobalSection
	GlobalSection(SolutionProperties) = preSolution
		HideSolutionNode = FALSE
	EndGlobalSection
	GlobalSection(ExtensibilityGlobals) = postSolution
		SolutionGuid = {C0727C07-236C-4B02-B602-EB474FABCC05}
	EndGlobalSection
EndGlobal
